
Microsoft Visual Studio Solution File, Format Version 12.00
# Visual Studio 15
VisualStudioVersion = 15.0.27703.2018
MinimumVisualStudioVersion = 10.0.40219.1
Project("{FAE04EC0-301F-11D3-BF4B-00C04F79EFBC}") = "ListExample", "ListExample\ListExample.csproj", "{566D3FD3-A589-44D5-93C7-147416A1812D}"
EndProject
Global
	GlobalSection(SolutionConfigurationPlatforms) = preSolution
		Debug|Any CPU = Debug|Any CPU
		Release|Any CPU = Release|Any CPU
	EndGlobalSection
	GlobalSection(ProjectConfigurationPlatforms) = postSolution
		{566D3FD3-A589-44D5-93C7-147416A1812D}.Debug|Any CPU.ActiveCfg = Debug|Any CPU
		{566D3FD3-A589-44D5-93C7-147416A1812D}.Debug|Any CPU.Build.0 = Debug|Any CPU
		{566D3FD3-A589-44D5-93C7-147416A1812D}.Release|Any CPU.ActiveCfg = Release|Any CPU
		{566D3FD3-A589-44D5-93C7-147416A1812D}.Release|Any CPU.Build.0 = Release|Any CPU
	EndGlobalSection
	GlobalSection(SolutionProperties) = preSolution
		HideSolutionNode = FALSE
	EndGlobalSection
	GlobalSection(ExtensibilityGlobals) = postSolution
		SolutionGuid = {32F2FCB0-3148-4BBB-B674-085BF50CDBB7}
	EndGlobalSection
EndGlobal
